
Microsoft Visual Studio Solution File, Format Version 12.00
# Visual Studio Version 17
VisualStudioVersion = 17.13.35931.197
MinimumVisualStudioVersion = 10.0.40219.1
Project("{2150E333-8FDC-42A3-9474-1A3956D46DE8}") = "Source", "Source", "{02EA681E-C7D8-13C7-8484-4AC65E1B71E8}"
EndProject
Project("{2150E333-8FDC-42A3-9474-1A3956D46DE8}") = "Presentation", "Presentation", "{01F16F7D-CC1F-4AB6-A219-953967F73D2F}"
EndProject
Project("{2150E333-8FDC-42A3-9474-1A3956D46DE8}") = "Infrastructure", "Infrastructure", "{92A6B964-E20A-4DD4-A41F-5614F88CD622}"
EndProject
Project("{2150E333-8FDC-42A3-9474-1A3956D46DE8}") = "Core", "Core", "{889AC7D4-C1A5-491B-8961-C13758B45D86}"
EndProject
Project("{FAE04EC0-301F-11D3-BF4B-00C04F79EFBC}") = "SolvexShop.Core.Domain", "SolvexShop.Domain\SolvexShop.Core.Domain.csproj", "{4102BF32-028F-402D-A0EA-C9D6FA6BD4C1}"
EndProject
Project("{FAE04EC0-301F-11D3-BF4B-00C04F79EFBC}") = "SolvexShop.Core.Application", "SolvexShop.Application\SolvexShop.Core.Application.csproj", "{53B25153-004A-49EB-ACA4-CDBA9372B656}"
EndProject
Project("{FAE04EC0-301F-11D3-BF4B-00C04F79EFBC}") = "SolvexShop.Infrastructure.Persistence", "SolvexShop.Infrastructure.Persistence\SolvexShop.Infrastructure.Persistence.csproj", "{121CEF54-B41E-4016-AC5C-4C5ECD1B7BF4}"
EndProject
Project("{FAE04EC0-301F-11D3-BF4B-00C04F79EFBC}") = "SolvexShop.Infrastructure.Identity", "SolvexShop.Infrastructure.Identity\SolvexShop.Infrastructure.Identity.csproj", "{75A1082D-BC84-4677-991E-19B178053DF8}"
EndProject
Project("{2150E333-8FDC-42A3-9474-1A3956D46DE8}") = "WebApp", "WebApp", "{C3817C06-46E6-458C-A291-3D0F08919E93}"
EndProject
Project("{FAE04EC0-301F-11D3-BF4B-00C04F79EFBC}") = "SolvexShop.Presentation.WebApp", "SolvexShop.Presentation.WebApp\SolvexShop.Presentation.WebApp.csproj", "{317616AA-7C6A-46BF-B34E-41E163CFD62E}"
EndProject
Project("{2150E333-8FDC-42A3-9474-1A3956D46DE8}") = "Solution Items", "Solution Items", "{9A9FED82-1E40-48E7-9C05-1887F0F04E20}"
	ProjectSection(SolutionItems) = preProject
		.editorconfig = .editorconfig
	EndProjectSection
EndProject
Global
	GlobalSection(SolutionConfigurationPlatforms) = preSolution
		Debug|Any CPU = Debug|Any CPU
		Release|Any CPU = Release|Any CPU
	EndGlobalSection
	GlobalSection(ProjectConfigurationPlatforms) = postSolution
		{4102BF32-028F-402D-A0EA-C9D6FA6BD4C1}.Debug|Any CPU.ActiveCfg = Debug|Any CPU
		{4102BF32-028F-402D-A0EA-C9D6FA6BD4C1}.Debug|Any CPU.Build.0 = Debug|Any CPU
		{4102BF32-028F-402D-A0EA-C9D6FA6BD4C1}.Release|Any CPU.ActiveCfg = Release|Any CPU
		{4102BF32-028F-402D-A0EA-C9D6FA6BD4C1}.Release|Any CPU.Build.0 = Release|Any CPU
		{53B25153-004A-49EB-ACA4-CDBA9372B656}.Debug|Any CPU.ActiveCfg = Debug|Any CPU
		{53B25153-004A-49EB-ACA4-CDBA9372B656}.Debug|Any CPU.Build.0 = Debug|Any CPU
		{53B25153-004A-49EB-ACA4-CDBA9372B656}.Release|Any CPU.ActiveCfg = Release|Any CPU
		{53B25153-004A-49EB-ACA4-CDBA9372B656}.Release|Any CPU.Build.0 = Release|Any CPU
		{121CEF54-B41E-4016-AC5C-4C5ECD1B7BF4}.Debug|Any CPU.ActiveCfg = Debug|Any CPU
		{121CEF54-B41E-4016-AC5C-4C5ECD1B7BF4}.Debug|Any CPU.Build.0 = Debug|Any CPU
		{121CEF54-B41E-4016-AC5C-4C5ECD1B7BF4}.Release|Any CPU.ActiveCfg = Release|Any CPU
		{121CEF54-B41E-4016-AC5C-4C5ECD1B7BF4}.Release|Any CPU.Build.0 = Release|Any CPU
		{75A1082D-BC84-4677-991E-19B178053DF8}.Debug|Any CPU.ActiveCfg = Debug|Any CPU
		{75A1082D-BC84-4677-991E-19B178053DF8}.Debug|Any CPU.Build.0 = Debug|Any CPU
		{75A1082D-BC84-4677-991E-19B178053DF8}.Release|Any CPU.ActiveCfg = Release|Any CPU
		{75A1082D-BC84-4677-991E-19B178053DF8}.Release|Any CPU.Build.0 = Release|Any CPU
		{317616AA-7C6A-46BF-B34E-41E163CFD62E}.Debug|Any CPU.ActiveCfg = Debug|Any CPU
		{317616AA-7C6A-46BF-B34E-41E163CFD62E}.Debug|Any CPU.Build.0 = Debug|Any CPU
		{317616AA-7C6A-46BF-B34E-41E163CFD62E}.Release|Any CPU.ActiveCfg = Release|Any CPU
		{317616AA-7C6A-46BF-B34E-41E163CFD62E}.Release|Any CPU.Build.0 = Release|Any CPU
	EndGlobalSection
	GlobalSection(SolutionProperties) = preSolution
		HideSolutionNode = FALSE
	EndGlobalSection
	GlobalSection(NestedProjects) = preSolution
		{01F16F7D-CC1F-4AB6-A219-953967F73D2F} = {02EA681E-C7D8-13C7-8484-4AC65E1B71E8}
		{92A6B964-E20A-4DD4-A41F-5614F88CD622} = {02EA681E-C7D8-13C7-8484-4AC65E1B71E8}
		{889AC7D4-C1A5-491B-8961-C13758B45D86} = {02EA681E-C7D8-13C7-8484-4AC65E1B71E8}
		{4102BF32-028F-402D-A0EA-C9D6FA6BD4C1} = {889AC7D4-C1A5-491B-8961-C13758B45D86}
		{53B25153-004A-49EB-ACA4-CDBA9372B656} = {889AC7D4-C1A5-491B-8961-C13758B45D86}
		{121CEF54-B41E-4016-AC5C-4C5ECD1B7BF4} = {92A6B964-E20A-4DD4-A41F-5614F88CD622}
		{75A1082D-BC84-4677-991E-19B178053DF8} = {92A6B964-E20A-4DD4-A41F-5614F88CD622}
		{C3817C06-46E6-458C-A291-3D0F08919E93} = {01F16F7D-CC1F-4AB6-A219-953967F73D2F}
		{317616AA-7C6A-46BF-B34E-41E163CFD62E} = {C3817C06-46E6-458C-A291-3D0F08919E93}
	EndGlobalSection
	GlobalSection(ExtensibilityGlobals) = postSolution
		SolutionGuid = {1280A920-B793-4439-969E-C68C0116687C}
	EndGlobalSection
EndGlobal
